
Microsoft Visual Studio Solution File, Format Version 12.00
# Visual Studio Version 16
VisualStudioVersion = 16.0.29905.134
MinimumVisualStudioVersion = 10.0.40219.1
Project("{9A19103F-16F7-4668-BE54-9A1E7A4F7556}") = "AA", "AA\AA.csproj", "{61489AA3-94EA-4AB1-9F72-7651547E4118}"
EndProject
Global
	GlobalSection(SolutionConfigurationPlatforms) = preSolution
		Debug|Any CPU = Debug|Any CPU
		Release|Any CPU = Release|Any CPU
	EndGlobalSection
	GlobalSection(ProjectConfigurationPlatforms) = postSolution
		{61489AA3-94EA-4AB1-9F72-7651547E4118}.Debug|Any CPU.ActiveCfg = Debug|Any CPU
		{61489AA3-94EA-4AB1-9F72-7651547E4118}.Debug|Any CPU.Build.0 = Debug|Any CPU
		{61489AA3-94EA-4AB1-9F72-7651547E4118}.Release|Any CPU.ActiveCfg = Release|Any CPU
		{61489AA3-94EA-4AB1-9F72-7651547E4118}.Release|Any CPU.Build.0 = Release|Any CPU
	EndGlobalSection
	GlobalSection(SolutionProperties) = preSolution
		HideSolutionNode = FALSE
	EndGlobalSection
	GlobalSection(ExtensibilityGlobals) = postSolution
		SolutionGuid = {B71A9CEB-7553-4220-9A14-CC337664FED2}
	EndGlobalSection
EndGlobal
